
Microsoft Visual Studio Solution File, Format Version 12.00
# Visual Studio 2013
VisualStudioVersion = 12.0.21005.1
MinimumVisualStudioVersion = 10.0.40219.1
Project("{FAE04EC0-301F-11D3-BF4B-00C04F79EFBC}") = "StoreManagement.Business", "StoreManagement.Business\StoreManagement.Business.csproj", "{30F7AD65-03D9-46A5-9F6E-F094DA0AA678}"
EndProject
Project("{FAE04EC0-301F-11D3-BF4B-00C04F79EFBC}") = "StoreManagement.Models", "StoreManagement.Models\StoreManagement.Models.csproj", "{7D168DE8-30EE-404B-8485-014C94E6EF3F}"
EndProject
Project("{FAE04EC0-301F-11D3-BF4B-00C04F79EFBC}") = "WhatsAppApi", "WhatsAppApi\WhatsAppApi.csproj", "{3FC9096A-C4D2-40C7-BE7B-D98ACAB3BD2B}"
EndProject
Project("{FAE04EC0-301F-11D3-BF4B-00C04F79EFBC}") = "WhatsAppPort", "WhatsAppPort\WhatsAppPort.csproj", "{91D9D263-BFB7-4C31-890F-4A42F734670E}"
EndProject
Project("{FAE04EC0-301F-11D3-BF4B-00C04F79EFBC}") = "StoreManagement.DataAccess", "StoreManagement.DataAccess\StoreManagement.DataAccess.csproj", "{81B54272-D5B3-4661-9825-2346BC7D54C2}"
EndProject
Project("{FAE04EC0-301F-11D3-BF4B-00C04F79EFBC}") = "StoreManagement.NotificationEngine", "StoreManagement.NotificationEngine\StoreManagement.NotificationEngine.csproj", "{97BE5BA8-4654-434C-B1CB-8E68E4187164}"
EndProject
Global
	GlobalSection(SolutionConfigurationPlatforms) = preSolution
		Debug|Any CPU = Debug|Any CPU
		Debug|Mixed Platforms = Debug|Mixed Platforms
		Debug|x86 = Debug|x86
		Release|Any CPU = Release|Any CPU
		Release|Mixed Platforms = Release|Mixed Platforms
		Release|x86 = Release|x86
	EndGlobalSection
	GlobalSection(ProjectConfigurationPlatforms) = postSolution
		{30F7AD65-03D9-46A5-9F6E-F094DA0AA678}.Debug|Any CPU.ActiveCfg = Debug|Any CPU
		{30F7AD65-03D9-46A5-9F6E-F094DA0AA678}.Debug|Any CPU.Build.0 = Debug|Any CPU
		{30F7AD65-03D9-46A5-9F6E-F094DA0AA678}.Debug|Mixed Platforms.ActiveCfg = Debug|Any CPU
		{30F7AD65-03D9-46A5-9F6E-F094DA0AA678}.Debug|Mixed Platforms.Build.0 = Debug|Any CPU
		{30F7AD65-03D9-46A5-9F6E-F094DA0AA678}.Debug|x86.ActiveCfg = Debug|Any CPU
		{30F7AD65-03D9-46A5-9F6E-F094DA0AA678}.Release|Any CPU.ActiveCfg = Release|Any CPU
		{30F7AD65-03D9-46A5-9F6E-F094DA0AA678}.Release|Any CPU.Build.0 = Release|Any CPU
		{30F7AD65-03D9-46A5-9F6E-F094DA0AA678}.Release|Mixed Platforms.ActiveCfg = Release|Any CPU
		{30F7AD65-03D9-46A5-9F6E-F094DA0AA678}.Release|Mixed Platforms.Build.0 = Release|Any CPU
		{30F7AD65-03D9-46A5-9F6E-F094DA0AA678}.Release|x86.ActiveCfg = Release|Any CPU
		{7D168DE8-30EE-404B-8485-014C94E6EF3F}.Debug|Any CPU.ActiveCfg = Debug|Any CPU
		{7D168DE8-30EE-404B-8485-014C94E6EF3F}.Debug|Any CPU.Build.0 = Debug|Any CPU
		{7D168DE8-30EE-404B-8485-014C94E6EF3F}.Debug|Mixed Platforms.ActiveCfg = Debug|Any CPU
		{7D168DE8-30EE-404B-8485-014C94E6EF3F}.Debug|Mixed Platforms.Build.0 = Debug|Any CPU
		{7D168DE8-30EE-404B-8485-014C94E6EF3F}.Debug|x86.ActiveCfg = Debug|Any CPU
		{7D168DE8-30EE-404B-8485-014C94E6EF3F}.Release|Any CPU.ActiveCfg = Release|Any CPU
		{7D168DE8-30EE-404B-8485-014C94E6EF3F}.Release|Any CPU.Build.0 = Release|Any CPU
		{7D168DE8-30EE-404B-8485-014C94E6EF3F}.Release|Mixed Platforms.ActiveCfg = Release|Any CPU
		{7D168DE8-30EE-404B-8485-014C94E6EF3F}.Release|Mixed Platforms.Build.0 = Release|Any CPU
		{7D168DE8-30EE-404B-8485-014C94E6EF3F}.Release|x86.ActiveCfg = Release|Any CPU
		{3FC9096A-C4D2-40C7-BE7B-D98ACAB3BD2B}.Debug|Any CPU.ActiveCfg = Debug|Any CPU
		{3FC9096A-C4D2-40C7-BE7B-D98ACAB3BD2B}.Debug|Any CPU.Build.0 = Debug|Any CPU
		{3FC9096A-C4D2-40C7-BE7B-D98ACAB3BD2B}.Debug|Mixed Platforms.ActiveCfg = Debug|Any CPU
		{3FC9096A-C4D2-40C7-BE7B-D98ACAB3BD2B}.Debug|Mixed Platforms.Build.0 = Debug|Any CPU
		{3FC9096A-C4D2-40C7-BE7B-D98ACAB3BD2B}.Debug|x86.ActiveCfg = Debug|Any CPU
		{3FC9096A-C4D2-40C7-BE7B-D98ACAB3BD2B}.Release|Any CPU.ActiveCfg = Release|Any CPU
		{3FC9096A-C4D2-40C7-BE7B-D98ACAB3BD2B}.Release|Any CPU.Build.0 = Release|Any CPU
		{3FC9096A-C4D2-40C7-BE7B-D98ACAB3BD2B}.Release|Mixed Platforms.ActiveCfg = Release|Any CPU
		{3FC9096A-C4D2-40C7-BE7B-D98ACAB3BD2B}.Release|Mixed Platforms.Build.0 = Release|Any CPU
		{3FC9096A-C4D2-40C7-BE7B-D98ACAB3BD2B}.Release|x86.ActiveCfg = Release|Any CPU
		{91D9D263-BFB7-4C31-890F-4A42F734670E}.Debug|Any CPU.ActiveCfg = Debug|x86
		{91D9D263-BFB7-4C31-890F-4A42F734670E}.Debug|Mixed Platforms.ActiveCfg = Debug|x86
		{91D9D263-BFB7-4C31-890F-4A42F734670E}.Debug|Mixed Platforms.Build.0 = Debug|x86
		{91D9D263-BFB7-4C31-890F-4A42F734670E}.Debug|x86.ActiveCfg = Debug|x86
		{91D9D263-BFB7-4C31-890F-4A42F734670E}.Debug|x86.Build.0 = Debug|x86
		{91D9D263-BFB7-4C31-890F-4A42F734670E}.Release|Any CPU.ActiveCfg = Release|x86
		{91D9D263-BFB7-4C31-890F-4A42F734670E}.Release|Mixed Platforms.ActiveCfg = Release|x86
		{91D9D263-BFB7-4C31-890F-4A42F734670E}.Release|Mixed Platforms.Build.0 = Release|x86
		{91D9D263-BFB7-4C31-890F-4A42F734670E}.Release|x86.ActiveCfg = Release|x86
		{91D9D263-BFB7-4C31-890F-4A42F734670E}.Release|x86.Build.0 = Release|x86
		{81B54272-D5B3-4661-9825-2346BC7D54C2}.Debug|Any CPU.ActiveCfg = Debug|Any CPU
		{81B54272-D5B3-4661-9825-2346BC7D54C2}.Debug|Any CPU.Build.0 = Debug|Any CPU
		{81B54272-D5B3-4661-9825-2346BC7D54C2}.Debug|Mixed Platforms.ActiveCfg = Debug|Any CPU
		{81B54272-D5B3-4661-9825-2346BC7D54C2}.Debug|Mixed Platforms.Build.0 = Debug|Any CPU
		{81B54272-D5B3-4661-9825-2346BC7D54C2}.Debug|x86.ActiveCfg = Debug|Any CPU
		{81B54272-D5B3-4661-9825-2346BC7D54C2}.Release|Any CPU.ActiveCfg = Release|Any CPU
		{81B54272-D5B3-4661-9825-2346BC7D54C2}.Release|Any CPU.Build.0 = Release|Any CPU
		{81B54272-D5B3-4661-9825-2346BC7D54C2}.Release|Mixed Platforms.ActiveCfg = Release|Any CPU
		{81B54272-D5B3-4661-9825-2346BC7D54C2}.Release|Mixed Platforms.Build.0 = Release|Any CPU
		{81B54272-D5B3-4661-9825-2346BC7D54C2}.Release|x86.ActiveCfg = Release|Any CPU
		{97BE5BA8-4654-434C-B1CB-8E68E4187164}.Debug|Any CPU.ActiveCfg = Debug|Any CPU
		{97BE5BA8-4654-434C-B1CB-8E68E4187164}.Debug|Any CPU.Build.0 = Debug|Any CPU
		{97BE5BA8-4654-434C-B1CB-8E68E4187164}.Debug|Mixed Platforms.ActiveCfg = Debug|Any CPU
		{97BE5BA8-4654-434C-B1CB-8E68E4187164}.Debug|Mixed Platforms.Build.0 = Debug|Any CPU
		{97BE5BA8-4654-434C-B1CB-8E68E4187164}.Debug|x86.ActiveCfg = Debug|Any CPU
		{97BE5BA8-4654-434C-B1CB-8E68E4187164}.Release|Any CPU.ActiveCfg = Release|Any CPU
		{97BE5BA8-4654-434C-B1CB-8E68E4187164}.Release|Any CPU.Build.0 = Release|Any CPU
		{97BE5BA8-4654-434C-B1CB-8E68E4187164}.Release|Mixed Platforms.ActiveCfg = Release|Any CPU
		{97BE5BA8-4654-434C-B1CB-8E68E4187164}.Release|Mixed Platforms.Build.0 = Release|Any CPU
		{97BE5BA8-4654-434C-B1CB-8E68E4187164}.Release|x86.ActiveCfg = Release|Any CPU
	EndGlobalSection
	GlobalSection(SolutionProperties) = preSolution
		HideSolutionNode = FALSE
	EndGlobalSection
EndGlobal
